// !$*UTF8*$!
{
	archiveVersion = 1;
	classes = {
	};
	objectVersion = 46;
	objects = {

/* Begin PBXBuildFile section */
		203A4A461D41C9EB000EE1BF /* AnimalModel.xcdatamodeld in Sources */ = {isa = PBXBuildFile; fileRef = 203A4A441D41C9EB000EE1BF /* AnimalModel.xcdatamodeld */; };
		203A4A511D41CB06000EE1BF /* Animal+CoreDataProperties.m in Sources */ = {isa = PBXBuildFile; fileRef = 203A4A4E1D41CB06000EE1BF /* Animal+CoreDataProperties.m */; };
		203A4A521D41CB06000EE1BF /* Animal.m in Sources */ = {isa = PBXBuildFile; fileRef = 203A4A501D41CB06000EE1BF /* Animal.m */; };
		206D32291D2A622F00055ED5 /* main.m in Sources */ = {isa = PBXBuildFile; fileRef = 206D32281D2A622F00055ED5 /* main.m */; };
		206D322C1D2A622F00055ED5 /* AppDelegate.m in Sources */ = {isa = PBXBuildFile; fileRef = 206D322B1D2A622F00055ED5 /* AppDelegate.m */; };
		206D322F1D2A622F00055ED5 /* ViewController.m in Sources */ = {isa = PBXBuildFile; fileRef = 206D322E1D2A622F00055ED5 /* ViewController.m */; };
		206D32321D2A622F00055ED5 /* Main.storyboard in Resources */ = {isa = PBXBuildFile; fileRef = 206D32301D2A622F00055ED5 /* Main.storyboard */; };
		206D32341D2A622F00055ED5 /* Assets.xcassets in Resources */ = {isa = PBXBuildFile; fileRef = 206D32331D2A622F00055ED5 /* Assets.xcassets */; };
		206D32371D2A622F00055ED5 /* LaunchScreen.storyboard in Resources */ = {isa = PBXBuildFile; fileRef = 206D32351D2A622F00055ED5 /* LaunchScreen.storyboard */; };
		206D32421D2A622F00055ED5 /* GiveThemAHomeTests.m in Sources */ = {isa = PBXBuildFile; fileRef = 206D32411D2A622F00055ED5 /* GiveThemAHomeTests.m */; };
		206D324D1D2A622F00055ED5 /* GiveThemAHomeUITests.m in Sources */ = {isa = PBXBuildFile; fileRef = 206D324C1D2A622F00055ED5 /* GiveThemAHomeUITests.m */; };
		206D32621D2A637200055ED5 /* TitleView.m in Sources */ = {isa = PBXBuildFile; fileRef = 206D32601D2A637200055ED5 /* TitleView.m */; };
		206D32631D2A637200055ED5 /* TitleView.xib in Resources */ = {isa = PBXBuildFile; fileRef = 206D32611D2A637200055ED5 /* TitleView.xib */; };
		206D32931D2BCA0400055ED5 /* ListCell.m in Sources */ = {isa = PBXBuildFile; fileRef = 206D32911D2BCA0400055ED5 /* ListCell.m */; };
		206D32941D2BCA0500055ED5 /* ListCell.xib in Resources */ = {isa = PBXBuildFile; fileRef = 206D32921D2BCA0400055ED5 /* ListCell.xib */; };
		20B768751D41CC610016B7C4 /* CoreData.framework in Frameworks */ = {isa = PBXBuildFile; fileRef = 20B768741D41CC610016B7C4 /* CoreData.framework */; };
		20B768791D41CF260016B7C4 /* CoreDataManager.m in Sources */ = {isa = PBXBuildFile; fileRef = 20B768781D41CF260016B7C4 /* CoreDataManager.m */; };
		20EF57321D4746EA0094EB9E /* FavoriteVC.m in Sources */ = {isa = PBXBuildFile; fileRef = 20EF57311D4746EA0094EB9E /* FavoriteVC.m */; };
		2C065DE91D32057A00A76D3A /* DetailVC.m in Sources */ = {isa = PBXBuildFile; fileRef = 2C065DE81D32057A00A76D3A /* DetailVC.m */; };
		2C065E2E1D32492500A76D3A /* MapKit.framework in Frameworks */ = {isa = PBXBuildFile; fileRef = 2C065E2D1D32492500A76D3A /* MapKit.framework */; };
		2C065E301D324A1200A76D3A /* CoreLocation.framework in Frameworks */ = {isa = PBXBuildFile; fileRef = 2C065E2F1D324A1200A76D3A /* CoreLocation.framework */; };
		2C065E321D324A1B00A76D3A /* CoreGraphics.framework in Frameworks */ = {isa = PBXBuildFile; fileRef = 2C065E311D324A1B00A76D3A /* CoreGraphics.framework */; };
		2C065E371D32626C00A76D3A /* TransData.m in Sources */ = {isa = PBXBuildFile; fileRef = 2C065E361D32626C00A76D3A /* TransData.m */; };
		2C6FA45F1D2F9D3400EB40A3 /* DataModel.m in Sources */ = {isa = PBXBuildFile; fileRef = 2C6FA45E1D2F9D3400EB40A3 /* DataModel.m */; };
		2C6FA4621D2FA68200EB40A3 /* ImageCache.m in Sources */ = {isa = PBXBuildFile; fileRef = 2C6FA4611D2FA68200EB40A3 /* ImageCache.m */; };
		2C6FA4671D310BCC00EB40A3 /* SearchViewController.m in Sources */ = {isa = PBXBuildFile; fileRef = 2C6FA4661D310BCC00EB40A3 /* SearchViewController.m */; };
/* End PBXBuildFile section */

/* Begin PBXContainerItemProxy section */
		206D323E1D2A622F00055ED5 /* PBXContainerItemProxy */ = {
			isa = PBXContainerItemProxy;
			containerPortal = 206D321C1D2A622F00055ED5 /* Project object */;
			proxyType = 1;
			remoteGlobalIDString = 206D32231D2A622F00055ED5;
			remoteInfo = GiveThemAHome;
		};
		206D32491D2A622F00055ED5 /* PBXContainerItemProxy */ = {
			isa = PBXContainerItemProxy;
			containerPortal = 206D321C1D2A622F00055ED5 /* Project object */;
			proxyType = 1;
			remoteGlobalIDString = 206D32231D2A622F00055ED5;
			remoteInfo = GiveThemAHome;
		};
/* End PBXContainerItemProxy section */

/* Begin PBXFileReference section */
		203A4A451D41C9EB000EE1BF /* AnimalModel.xcdatamodel */ = {isa = PBXFileReference; lastKnownFileType = wrapper.xcdatamodel; path = AnimalModel.xcdatamodel; sourceTree = "<group>"; };
		203A4A4D1D41CB06000EE1BF /* Animal+CoreDataProperties.h */ = {isa = PBXFileReference; fileEncoding = 4; lastKnownFileType = sourcecode.c.h; name = "Animal+CoreDataProperties.h"; path = "Model/Animal+CoreDataProperties.h"; sourceTree = "<group>"; };
		203A4A4E1D41CB06000EE1BF /* Animal+CoreDataProperties.m */ = {isa = PBXFileReference; fileEncoding = 4; lastKnownFileType = sourcecode.c.objc; name = "Animal+CoreDataProperties.m"; path = "Model/Animal+CoreDataProperties.m"; sourceTree = "<group>"; };
		203A4A4F1D41CB06000EE1BF /* Animal.h */ = {isa = PBXFileReference; fileEncoding = 4; lastKnownFileType = sourcecode.c.h; name = Animal.h; path = Model/Animal.h; sourceTree = "<group>"; };
		203A4A501D41CB06000EE1BF /* Animal.m */ = {isa = PBXFileReference; fileEncoding = 4; lastKnownFileType = sourcecode.c.objc; name = Animal.m; path = Model/Animal.m; sourceTree = "<group>"; };
		206D32241D2A622F00055ED5 /* GiveThemAHome.app */ = {isa = PBXFileReference; explicitFileType = wrapper.application; includeInIndex = 0; path = GiveThemAHome.app; sourceTree = BUILT_PRODUCTS_DIR; };
		206D32281D2A622F00055ED5 /* main.m */ = {isa = PBXFileReference; lastKnownFileType = sourcecode.c.objc; path = main.m; sourceTree = "<group>"; };
		206D322A1D2A622F00055ED5 /* AppDelegate.h */ = {isa = PBXFileReference; lastKnownFileType = sourcecode.c.h; path = AppDelegate.h; sourceTree = "<group>"; };
		206D322B1D2A622F00055ED5 /* AppDelegate.m */ = {isa = PBXFileReference; lastKnownFileType = sourcecode.c.objc; path = AppDelegate.m; sourceTree = "<group>"; };
		206D322D1D2A622F00055ED5 /* ViewController.h */ = {isa = PBXFileReference; lastKnownFileType = sourcecode.c.h; path = ViewController.h; sourceTree = "<group>"; };
		206D322E1D2A622F00055ED5 /* ViewController.m */ = {isa = PBXFileReference; lastKnownFileType = sourcecode.c.objc; path = ViewController.m; sourceTree = "<group>"; };
		206D32311D2A622F00055ED5 /* Base */ = {isa = PBXFileReference; lastKnownFileType = file.storyboard; name = Base; path = Base.lproj/Main.storyboard; sourceTree = "<group>"; };
		206D32331D2A622F00055ED5 /* Assets.xcassets */ = {isa = PBXFileReference; lastKnownFileType = folder.assetcatalog; path = Assets.xcassets; sourceTree = "<group>"; };
		206D32361D2A622F00055ED5 /* Base */ = {isa = PBXFileReference; lastKnownFileType = file.storyboard; name = Base; path = Base.lproj/LaunchScreen.storyboard; sourceTree = "<group>"; };
		206D32381D2A622F00055ED5 /* Info.plist */ = {isa = PBXFileReference; lastKnownFileType = text.plist.xml; path = Info.plist; sourceTree = "<group>"; };
		206D323D1D2A622F00055ED5 /* GiveThemAHomeTests.xctest */ = {isa = PBXFileReference; explicitFileType = wrapper.cfbundle; includeInIndex = 0; path = GiveThemAHomeTests.xctest; sourceTree = BUILT_PRODUCTS_DIR; };
		206D32411D2A622F00055ED5 /* GiveThemAHomeTests.m */ = {isa = PBXFileReference; lastKnownFileType = sourcecode.c.objc; path = GiveThemAHomeTests.m; sourceTree = "<group>"; };
		206D32431D2A622F00055ED5 /* Info.plist */ = {isa = PBXFileReference; lastKnownFileType = text.plist.xml; path = Info.plist; sourceTree = "<group>"; };
		206D32481D2A622F00055ED5 /* GiveThemAHomeUITests.xctest */ = {isa = PBXFileReference; explicitFileType = wrapper.cfbundle; includeInIndex = 0; path = GiveThemAHomeUITests.xctest; sourceTree = BUILT_PRODUCTS_DIR; };
		206D324C1D2A622F00055ED5 /* GiveThemAHomeUITests.m */ = {isa = PBXFileReference; lastKnownFileType = sourcecode.c.objc; path = GiveThemAHomeUITests.m; sourceTree = "<group>"; };
		206D324E1D2A622F00055ED5 /* Info.plist */ = {isa = PBXFileReference; lastKnownFileType = text.plist.xml; path = Info.plist; sourceTree = "<group>"; };
		206D325F1D2A637200055ED5 /* TitleView.h */ = {isa = PBXFileReference; fileEncoding = 4; lastKnownFileType = sourcecode.c.h; path = TitleView.h; sourceTree = "<group>"; };
		206D32601D2A637200055ED5 /* TitleView.m */ = {isa = PBXFileReference; fileEncoding = 4; lastKnownFileType = sourcecode.c.objc; path = TitleView.m; sourceTree = "<group>"; };
		206D32611D2A637200055ED5 /* TitleView.xib */ = {isa = PBXFileReference; fileEncoding = 4; lastKnownFileType = file.xib; path = TitleView.xib; sourceTree = "<group>"; };
		206D32901D2BCA0400055ED5 /* ListCell.h */ = {isa = PBXFileReference; fileEncoding = 4; lastKnownFileType = sourcecode.c.h; path = ListCell.h; sourceTree = "<group>"; };
		206D32911D2BCA0400055ED5 /* ListCell.m */ = {isa = PBXFileReference; fileEncoding = 4; lastKnownFileType = sourcecode.c.objc; path = ListCell.m; sourceTree = "<group>"; };
		206D32921D2BCA0400055ED5 /* ListCell.xib */ = {isa = PBXFileReference; fileEncoding = 4; lastKnownFileType = file.xib; path = ListCell.xib; sourceTree = "<group>"; };
		20B768741D41CC610016B7C4 /* CoreData.framework */ = {isa = PBXFileReference; lastKnownFileType = wrapper.framework; name = CoreData.framework; path = System/Library/Frameworks/CoreData.framework; sourceTree = SDKROOT; };
		20B768771D41CF260016B7C4 /* CoreDataManager.h */ = {isa = PBXFileReference; fileEncoding = 4; lastKnownFileType = sourcecode.c.h; name = CoreDataManager.h; path = Class/CoreDataManager.h; sourceTree = "<group>"; };
		20B768781D41CF260016B7C4 /* CoreDataManager.m */ = {isa = PBXFileReference; fileEncoding = 4; lastKnownFileType = sourcecode.c.objc; name = CoreDataManager.m; path = Class/CoreDataManager.m; sourceTree = "<group>"; };
		20EF57301D4746EA0094EB9E /* FavoriteVC.h */ = {isa = PBXFileReference; fileEncoding = 4; lastKnownFileType = sourcecode.c.h; name = FavoriteVC.h; path = ViewController/FavoriteVC.h; sourceTree = "<group>"; };
		20EF57311D4746EA0094EB9E /* FavoriteVC.m */ = {isa = PBXFileReference; fileEncoding = 4; lastKnownFileType = sourcecode.c.objc; name = FavoriteVC.m; path = ViewController/FavoriteVC.m; sourceTree = "<group>"; };
		2C065DE71D32057A00A76D3A /* DetailVC.h */ = {isa = PBXFileReference; fileEncoding = 4; lastKnownFileType = sourcecode.c.h; name = DetailVC.h; path = ViewController/DetailVC.h; sourceTree = "<group>"; };
		2C065DE81D32057A00A76D3A /* DetailVC.m */ = {isa = PBXFileReference; fileEncoding = 4; lastKnownFileType = sourcecode.c.objc; name = DetailVC.m; path = ViewController/DetailVC.m; sourceTree = "<group>"; };
		2C065E2D1D32492500A76D3A /* MapKit.framework */ = {isa = PBXFileReference; lastKnownFileType = wrapper.framework; name = MapKit.framework; path = System/Library/Frameworks/MapKit.framework; sourceTree = SDKROOT; };
		2C065E2F1D324A1200A76D3A /* CoreLocation.framework */ = {isa = PBXFileReference; lastKnownFileType = wrapper.framework; name = CoreLocation.framework; path = System/Library/Frameworks/CoreLocation.framework; sourceTree = SDKROOT; };
		2C065E311D324A1B00A76D3A /* CoreGraphics.framework */ = {isa = PBXFileReference; lastKnownFileType = wrapper.framework; name = CoreGraphics.framework; path = System/Library/Frameworks/CoreGraphics.framework; sourceTree = SDKROOT; };
		2C065E331D324A2500A76D3A /* UIKit.framework */ = {isa = PBXFileReference; lastKnownFileType = wrapper.framework; name = UIKit.framework; path = System/Library/Frameworks/UIKit.framework; sourceTree = SDKROOT; };
		2C065E351D32626C00A76D3A /* TransData.h */ = {isa = PBXFileReference; fileEncoding = 4; lastKnownFileType = sourcecode.c.h; name = TransData.h; path = Model/TransData.h; sourceTree = "<group>"; };
		2C065E361D32626C00A76D3A /* TransData.m */ = {isa = PBXFileReference; fileEncoding = 4; lastKnownFileType = sourcecode.c.objc; name = TransData.m; path = Model/TransData.m; sourceTree = "<group>"; };
		2C6FA45D1D2F9D3400EB40A3 /* DataModel.h */ = {isa = PBXFileReference; fileEncoding = 4; lastKnownFileType = sourcecode.c.h; name = DataModel.h; path = Model/DataModel.h; sourceTree = "<group>"; };
		2C6FA45E1D2F9D3400EB40A3 /* DataModel.m */ = {isa = PBXFileReference; fileEncoding = 4; lastKnownFileType = sourcecode.c.objc; name = DataModel.m; path = Model/DataModel.m; sourceTree = "<group>"; };
		2C6FA4601D2FA68200EB40A3 /* ImageCache.h */ = {isa = PBXFileReference; fileEncoding = 4; lastKnownFileType = sourcecode.c.h; name = ImageCache.h; path = Cache/ImageCache.h; sourceTree = "<group>"; };
		2C6FA4611D2FA68200EB40A3 /* ImageCache.m */ = {isa = PBXFileReference; fileEncoding = 4; lastKnownFileType = sourcecode.c.objc; name = ImageCache.m; path = Cache/ImageCache.m; sourceTree = "<group>"; };
		2C6FA4651D310BCC00EB40A3 /* SearchViewController.h */ = {isa = PBXFileReference; fileEncoding = 4; lastKnownFileType = sourcecode.c.h; name = SearchViewController.h; path = ViewController/SearchViewController.h; sourceTree = "<group>"; };
		2C6FA4661D310BCC00EB40A3 /* SearchViewController.m */ = {isa = PBXFileReference; fileEncoding = 4; lastKnownFileType = sourcecode.c.objc; name = SearchViewController.m; path = ViewController/SearchViewController.m; sourceTree = "<group>"; };
/* End PBXFileReference section */

/* Begin PBXFrameworksBuildPhase section */
		206D32211D2A622F00055ED5 /* Frameworks */ = {
			isa = PBXFrameworksBuildPhase;
			buildActionMask = 2147483647;
			files = (
				20B768751D41CC610016B7C4 /* CoreData.framework in Frameworks */,
				2C065E321D324A1B00A76D3A /* CoreGraphics.framework in Frameworks */,
				2C065E301D324A1200A76D3A /* CoreLocation.framework in Frameworks */,
				2C065E2E1D32492500A76D3A /* MapKit.framework in Frameworks */,
			);
			runOnlyForDeploymentPostprocessing = 0;
		};
		206D323A1D2A622F00055ED5 /* Frameworks */ = {
			isa = PBXFrameworksBuildPhase;
			buildActionMask = 2147483647;
			files = (
			);
			runOnlyForDeploymentPostprocessing = 0;
		};
		206D32451D2A622F00055ED5 /* Frameworks */ = {
			isa = PBXFrameworksBuildPhase;
			buildActionMask = 2147483647;
			files = (
			);
			runOnlyForDeploymentPostprocessing = 0;
		};
/* End PBXFrameworksBuildPhase section */

/* Begin PBXGroup section */
		206D321B1D2A622F00055ED5 = {
			isa = PBXGroup;
			children = (
				20B768741D41CC610016B7C4 /* CoreData.framework */,
				2C065E331D324A2500A76D3A /* UIKit.framework */,
				2C065E311D324A1B00A76D3A /* CoreGraphics.framework */,
				2C065E2F1D324A1200A76D3A /* CoreLocation.framework */,
				2C065E2D1D32492500A76D3A /* MapKit.framework */,
				206D32261D2A622F00055ED5 /* GiveThemAHome */,
				206D32401D2A622F00055ED5 /* GiveThemAHomeTests */,
				206D324B1D2A622F00055ED5 /* GiveThemAHomeUITests */,
				206D32251D2A622F00055ED5 /* Products */,
			);
			sourceTree = "<group>";
		};
		206D32251D2A622F00055ED5 /* Products */ = {
			isa = PBXGroup;
			children = (
				206D32241D2A622F00055ED5 /* GiveThemAHome.app */,
				206D323D1D2A622F00055ED5 /* GiveThemAHomeTests.xctest */,
				206D32481D2A622F00055ED5 /* GiveThemAHomeUITests.xctest */,
			);
			name = Products;
			sourceTree = "<group>";
		};
		206D32261D2A622F00055ED5 /* GiveThemAHome */ = {
			isa = PBXGroup;
			children = (
				206D322A1D2A622F00055ED5 /* AppDelegate.h */,
				206D322B1D2A622F00055ED5 /* AppDelegate.m */,
				20B768761D41CF040016B7C4 /* Class */,
				2C6FA45C1D2F9D0F00EB40A3 /* Model */,
				2C6FA4631D2FA68D00EB40A3 /* Cache */,
				2C6FA4641D310B8200EB40A3 /* ViewController */,
				206D325A1D2A629A00055ED5 /* View */,
				206D32331D2A622F00055ED5 /* Assets.xcassets */,
				206D32351D2A622F00055ED5 /* LaunchScreen.storyboard */,
				203A4A441D41C9EB000EE1BF /* AnimalModel.xcdatamodeld */,
				206D32381D2A622F00055ED5 /* Info.plist */,
				206D32271D2A622F00055ED5 /* Supporting Files */,
			);
			path = GiveThemAHome;
			sourceTree = "<group>";
		};
		206D32271D2A622F00055ED5 /* Supporting Files */ = {
			isa = PBXGroup;
			children = (
				206D32281D2A622F00055ED5 /* main.m */,
			);
			name = "Supporting Files";
			sourceTree = "<group>";
		};
		206D32401D2A622F00055ED5 /* GiveThemAHomeTests */ = {
			isa = PBXGroup;
			children = (
				206D32411D2A622F00055ED5 /* GiveThemAHomeTests.m */,
				206D32431D2A622F00055ED5 /* Info.plist */,
			);
			path = GiveThemAHomeTests;
			sourceTree = "<group>";
		};
		206D324B1D2A622F00055ED5 /* GiveThemAHomeUITests */ = {
			isa = PBXGroup;
			children = (
				206D324C1D2A622F00055ED5 /* GiveThemAHomeUITests.m */,
				206D324E1D2A622F00055ED5 /* Info.plist */,
			);
			path = GiveThemAHomeUITests;
			sourceTree = "<group>";
		};
		206D325A1D2A629A00055ED5 /* View */ = {
			isa = PBXGroup;
			children = (
				206D328F1D2BC7D500055ED5 /* Cell */,
				206D325B1D2A62AC00055ED5 /* TitleView */,
			);
			name = View;
			sourceTree = "<group>";
		};
		206D325B1D2A62AC00055ED5 /* TitleView */ = {
			isa = PBXGroup;
			children = (
				206D325F1D2A637200055ED5 /* TitleView.h */,
				206D32601D2A637200055ED5 /* TitleView.m */,
				206D32611D2A637200055ED5 /* TitleView.xib */,
			);
			name = TitleView;
			sourceTree = "<group>";
		};
		206D328F1D2BC7D500055ED5 /* Cell */ = {
			isa = PBXGroup;
			children = (
				206D32901D2BCA0400055ED5 /* ListCell.h */,
				206D32911D2BCA0400055ED5 /* ListCell.m */,
				206D32921D2BCA0400055ED5 /* ListCell.xib */,
			);
			name = Cell;
			sourceTree = "<group>";
		};
		20B768761D41CF040016B7C4 /* Class */ = {
			isa = PBXGroup;
			children = (
				20B768771D41CF260016B7C4 /* CoreDataManager.h */,
				20B768781D41CF260016B7C4 /* CoreDataManager.m */,
			);
			name = Class;
			sourceTree = "<group>";
		};
		2C6FA45C1D2F9D0F00EB40A3 /* Model */ = {
			isa = PBXGroup;
			children = (
				2C6FA45D1D2F9D3400EB40A3 /* DataModel.h */,
				2C6FA45E1D2F9D3400EB40A3 /* DataModel.m */,
				2C065E351D32626C00A76D3A /* TransData.h */,
				2C065E361D32626C00A76D3A /* TransData.m */,
				203A4A4D1D41CB06000EE1BF /* Animal+CoreDataProperties.h */,
				203A4A4E1D41CB06000EE1BF /* Animal+CoreDataProperties.m */,
				203A4A4F1D41CB06000EE1BF /* Animal.h */,
				203A4A501D41CB06000EE1BF /* Animal.m */,
			);
			name = Model;
			sourceTree = "<group>";
		};
		2C6FA4631D2FA68D00EB40A3 /* Cache */ = {
			isa = PBXGroup;
			children = (
				2C6FA4601D2FA68200EB40A3 /* ImageCache.h */,
				2C6FA4611D2FA68200EB40A3 /* ImageCache.m */,
			);
			name = Cache;
			sourceTree = "<group>";
		};
		2C6FA4641D310B8200EB40A3 /* ViewController */ = {
			isa = PBXGroup;
			children = (
				206D322D1D2A622F00055ED5 /* ViewController.h */,
				206D322E1D2A622F00055ED5 /* ViewController.m */,
				206D32301D2A622F00055ED5 /* Main.storyboard */,
				2C6FA4651D310BCC00EB40A3 /* SearchViewController.h */,
				2C6FA4661D310BCC00EB40A3 /* SearchViewController.m */,
				2C065DE71D32057A00A76D3A /* DetailVC.h */,
				2C065DE81D32057A00A76D3A /* DetailVC.m */,
				20EF57301D4746EA0094EB9E /* FavoriteVC.h */,
				20EF57311D4746EA0094EB9E /* FavoriteVC.m */,
			);
			name = ViewController;
			sourceTree = "<group>";
		};
/* End PBXGroup section */

/* Begin PBXNativeTarget section */
		206D32231D2A622F00055ED5 /* GiveThemAHome */ = {
			isa = PBXNativeTarget;
			buildConfigurationList = 206D32511D2A622F00055ED5 /* Build configuration list for PBXNativeTarget "GiveThemAHome" */;
			buildPhases = (
				206D32201D2A622F00055ED5 /* Sources */,
				206D32211D2A622F00055ED5 /* Frameworks */,
				206D32221D2A622F00055ED5 /* Resources */,
			);
			buildRules = (
			);
			dependencies = (
			);
			name = GiveThemAHome;
			productName = GiveThemAHome;
			productReference = 206D32241D2A622F00055ED5 /* GiveThemAHome.app */;
			productType = "com.apple.product-type.application";
		};
		206D323C1D2A622F00055ED5 /* GiveThemAHomeTests */ = {
			isa = PBXNativeTarget;
			buildConfigurationList = 206D32541D2A622F00055ED5 /* Build configuration list for PBXNativeTarget "GiveThemAHomeTests" */;
			buildPhases = (
				206D32391D2A622F00055ED5 /* Sources */,
				206D323A1D2A622F00055ED5 /* Frameworks */,
				206D323B1D2A622F00055ED5 /* Resources */,
			);
			buildRules = (
			);
			dependencies = (
				206D323F1D2A622F00055ED5 /* PBXTargetDependency */,
			);
			name = GiveThemAHomeTests;
			productName = GiveThemAHomeTests;
			productReference = 206D323D1D2A622F00055ED5 /* GiveThemAHomeTests.xctest */;
			productType = "com.apple.product-type.bundle.unit-test";
		};
		206D32471D2A622F00055ED5 /* GiveThemAHomeUITests */ = {
			isa = PBXNativeTarget;
			buildConfigurationList = 206D32571D2A622F00055ED5 /* Build configuration list for PBXNativeTarget "GiveThemAHomeUITests" */;
			buildPhases = (
				206D32441D2A622F00055ED5 /* Sources */,
				206D32451D2A622F00055ED5 /* Frameworks */,
				206D32461D2A622F00055ED5 /* Resources */,
			);
			buildRules = (
			);
			dependencies = (
				206D324A1D2A622F00055ED5 /* PBXTargetDependency */,
			);
			name = GiveThemAHomeUITests;
			productName = GiveThemAHomeUITests;
			productReference = 206D32481D2A622F00055ED5 /* GiveThemAHomeUITests.xctest */;
			productType = "com.apple.product-type.bundle.ui-testing";
		};
/* End PBXNativeTarget section */

/* Begin PBXProject section */
		206D321C1D2A622F00055ED5 /* Project object */ = {
			isa = PBXProject;
			attributes = {
				LastUpgradeCheck = 0730;
				ORGANIZATIONNAME = Evan;
				TargetAttributes = {
					206D32231D2A622F00055ED5 = {
						CreatedOnToolsVersion = 7.3.1;
						DevelopmentTeam = MS9SPSH35M;
					};
					206D323C1D2A622F00055ED5 = {
						CreatedOnToolsVersion = 7.3.1;
						TestTargetID = 206D32231D2A622F00055ED5;
					};
					206D32471D2A622F00055ED5 = {
						CreatedOnToolsVersion = 7.3.1;
						TestTargetID = 206D32231D2A622F00055ED5;
					};
				};
			};
			buildConfigurationList = 206D321F1D2A622F00055ED5 /* Build configuration list for PBXProject "GiveThemAHome" */;
			compatibilityVersion = "Xcode 3.2";
			developmentRegion = English;
			hasScannedForEncodings = 0;
			knownRegions = (
				en,
				Base,
			);
			mainGroup = 206D321B1D2A622F00055ED5;
			productRefGroup = 206D32251D2A622F00055ED5 /* Products */;
			projectDirPath = "";
			projectRoot = "";
			targets = (
				206D32231D2A622F00055ED5 /* GiveThemAHome */,
				206D323C1D2A622F00055ED5 /* GiveThemAHomeTests */,
				206D32471D2A622F00055ED5 /* GiveThemAHomeUITests */,
			);
		};
/* End PBXProject section */

/* Begin PBXResourcesBuildPhase section */
		206D32221D2A622F00055ED5 /* Resources */ = {
			isa = PBXResourcesBuildPhase;
			buildActionMask = 2147483647;
			files = (
				206D32371D2A622F00055ED5 /* LaunchScreen.storyboard in Resources */,
				206D32341D2A622F00055ED5 /* Assets.xcassets in Resources */,
				206D32321D2A622F00055ED5 /* Main.storyboard in Resources */,
				206D32631D2A637200055ED5 /* TitleView.xib in Resources */,
				206D32941D2BCA0500055ED5 /* ListCell.xib in Resources */,
			);
			runOnlyForDeploymentPostprocessing = 0;
		};
		206D323B1D2A622F00055ED5 /* Resources */ = {
			isa = PBXResourcesBuildPhase;
			buildActionMask = 2147483647;
			files = (
			);
			runOnlyForDeploymentPostprocessing = 0;
		};
		206D32461D2A622F00055ED5 /* Resources */ = {
			isa = PBXResourcesBuildPhase;
			buildActionMask = 2147483647;
			files = (
			);
			runOnlyForDeploymentPostprocessing = 0;
		};
/* End PBXResourcesBuildPhase section */

/* Begin PBXSourcesBuildPhase section */
		206D32201D2A622F00055ED5 /* Sources */ = {
			isa = PBXSourcesBuildPhase;
			buildActionMask = 2147483647;
			files = (
				2C065DE91D32057A00A76D3A /* DetailVC.m in Sources */,
				206D322F1D2A622F00055ED5 /* ViewController.m in Sources */,
				206D322C1D2A622F00055ED5 /* AppDelegate.m in Sources */,
				206D32291D2A622F00055ED5 /* main.m in Sources */,
				2C6FA45F1D2F9D3400EB40A3 /* DataModel.m in Sources */,
				206D32931D2BCA0400055ED5 /* ListCell.m in Sources */,
				20EF57321D4746EA0094EB9E /* FavoriteVC.m in Sources */,
				203A4A461D41C9EB000EE1BF /* AnimalModel.xcdatamodeld in Sources */,
				2C065E371D32626C00A76D3A /* TransData.m in Sources */,
				206D32621D2A637200055ED5 /* TitleView.m in Sources */,
				203A4A511D41CB06000EE1BF /* Animal+CoreDataProperties.m in Sources */,
				203A4A521D41CB06000EE1BF /* Animal.m in Sources */,
				20B768791D41CF260016B7C4 /* CoreDataManager.m in Sources */,
				2C6FA4671D310BCC00EB40A3 /* SearchViewController.m in Sources */,
				2C6FA4621D2FA68200EB40A3 /* ImageCache.m in Sources */,
			);
			runOnlyForDeploymentPostprocessing = 0;
		};
		206D32391D2A622F00055ED5 /* Sources */ = {
			isa = PBXSourcesBuildPhase;
			buildActionMask = 2147483647;
			files = (
				206D32421D2A622F00055ED5 /* GiveThemAHomeTests.m in Sources */,
			);
			runOnlyForDeploymentPostprocessing = 0;
		};
		206D32441D2A622F00055ED5 /* Sources */ = {
			isa = PBXSourcesBuildPhase;
			buildActionMask = 2147483647;
			files = (
				206D324D1D2A622F00055ED5 /* GiveThemAHomeUITests.m in Sources */,
			);
			runOnlyForDeploymentPostprocessing = 0;
		};
/* End PBXSourcesBuildPhase section */

/* Begin PBXTargetDependency section */
		206D323F1D2A622F00055ED5 /* PBXTargetDependency */ = {
			isa = PBXTargetDependency;
			target = 206D32231D2A622F00055ED5 /* GiveThemAHome */;
			targetProxy = 206D323E1D2A622F00055ED5 /* PBXContainerItemProxy */;
		};
		206D324A1D2A622F00055ED5 /* PBXTargetDependency */ = {
			isa = PBXTargetDependency;
			target = 206D32231D2A622F00055ED5 /* GiveThemAHome */;
			targetProxy = 206D32491D2A622F00055ED5 /* PBXContainerItemProxy */;
		};
/* End PBXTargetDependency section */

/* Begin PBXVariantGroup section */
		206D32301D2A622F00055ED5 /* Main.storyboard */ = {
			isa = PBXVariantGroup;
			children = (
				206D32311D2A622F00055ED5 /* Base */,
			);
			name = Main.storyboard;
			sourceTree = "<group>";
		};
		206D32351D2A622F00055ED5 /* LaunchScreen.storyboard */ = {
			isa = PBXVariantGroup;
			children = (
				206D32361D2A622F00055ED5 /* Base */,
			);
			name = LaunchScreen.storyboard;
			sourceTree = "<group>";
		};
/* End PBXVariantGroup section */

/* Begin XCBuildConfiguration section */
		206D324F1D2A622F00055ED5 /* Debug */ = {
			isa = XCBuildConfiguration;
			buildSettings = {
				ALWAYS_SEARCH_USER_PATHS = NO;
				CLANG_ANALYZER_NONNULL = YES;
				CLANG_CXX_LANGUAGE_STANDARD = "gnu++0x";
				CLANG_CXX_LIBRARY = "libc++";
				CLANG_ENABLE_MODULES = YES;
				CLANG_ENABLE_OBJC_ARC = YES;
				CLANG_WARN_BOOL_CONVERSION = YES;
				CLANG_WARN_CONSTANT_CONVERSION = YES;
				CLANG_WARN_DIRECT_OBJC_ISA_USAGE = YES_ERROR;
				CLANG_WARN_EMPTY_BODY = YES;
				CLANG_WARN_ENUM_CONVERSION = YES;
				CLANG_WARN_INT_CONVERSION = YES;
				CLANG_WARN_OBJC_ROOT_CLASS = YES_ERROR;
				CLANG_WARN_UNREACHABLE_CODE = YES;
				CLANG_WARN__DUPLICATE_METHOD_MATCH = YES;
				"CODE_SIGN_IDENTITY[sdk=iphoneos*]" = "iPhone Developer";
				COPY_PHASE_STRIP = NO;
				DEBUG_INFORMATION_FORMAT = dwarf;
				ENABLE_STRICT_OBJC_MSGSEND = YES;
				ENABLE_TESTABILITY = YES;
				GCC_C_LANGUAGE_STANDARD = gnu99;
				GCC_DYNAMIC_NO_PIC = NO;
				GCC_NO_COMMON_BLOCKS = YES;
				GCC_OPTIMIZATION_LEVEL = 0;
				GCC_PREPROCESSOR_DEFINITIONS = (
					"DEBUG=1",
					"$(inherited)",
				);
				GCC_WARN_64_TO_32_BIT_CONVERSION = YES;
				GCC_WARN_ABOUT_RETURN_TYPE = YES_ERROR;
				GCC_WARN_UNDECLARED_SELECTOR = YES;
				GCC_WARN_UNINITIALIZED_AUTOS = YES_AGGRESSIVE;
				GCC_WARN_UNUSED_FUNCTION = YES;
				GCC_WARN_UNUSED_VARIABLE = YES;
				IPHONEOS_DEPLOYMENT_TARGET = 9.3;
				MTL_ENABLE_DEBUG_INFO = YES;
				ONLY_ACTIVE_ARCH = YES;
				SDKROOT = iphoneos;
				TARGETED_DEVICE_FAMILY = "1,2";
			};
			name = Debug;
		};
		206D32501D2A622F00055ED5 /* Release */ = {
			isa = XCBuildConfiguration;
			buildSettings = {
				ALWAYS_SEARCH_USER_PATHS = NO;
				CLANG_ANALYZER_NONNULL = YES;
				CLANG_CXX_LANGUAGE_STANDARD = "gnu++0x";
				CLANG_CXX_LIBRARY = "libc++";
				CLANG_ENABLE_MODULES = YES;
				CLANG_ENABLE_OBJC_ARC = YES;
				CLANG_WARN_BOOL_CONVERSION = YES;
				CLANG_WARN_CONSTANT_CONVERSION = YES;
				CLANG_WARN_DIRECT_OBJC_ISA_USAGE = YES_ERROR;
				CLANG_WARN_EMPTY_BODY = YES;
				CLANG_WARN_ENUM_CONVERSION = YES;
				CLANG_WARN_INT_CONVERSION = YES;
				CLANG_WARN_OBJC_ROOT_CLASS = YES_ERROR;
				CLANG_WARN_UNREACHABLE_CODE = YES;
				CLANG_WARN__DUPLICATE_METHOD_MATCH = YES;
				"CODE_SIGN_IDENTITY[sdk=iphoneos*]" = "iPhone Developer";
				COPY_PHASE_STRIP = NO;
				DEBUG_INFORMATION_FORMAT = "dwarf-with-dsym";
				ENABLE_NS_ASSERTIONS = NO;
				ENABLE_STRICT_OBJC_MSGSEND = YES;
				GCC_C_LANGUAGE_STANDARD = gnu99;
				GCC_NO_COMMON_BLOCKS = YES;
				GCC_WARN_64_TO_32_BIT_CONVERSION = YES;
				GCC_WARN_ABOUT_RETURN_TYPE = YES_ERROR;
				GCC_WARN_UNDECLARED_SELECTOR = YES;
				GCC_WARN_UNINITIALIZED_AUTOS = YES_AGGRESSIVE;
				GCC_WARN_UNUSED_FUNCTION = YES;
				GCC_WARN_UNUSED_VARIABLE = YES;
				IPHONEOS_DEPLOYMENT_TARGET = 9.3;
				MTL_ENABLE_DEBUG_INFO = NO;
				SDKROOT = iphoneos;
				TARGETED_DEVICE_FAMILY = "1,2";
				VALIDATE_PRODUCT = YES;
			};
			name = Release;
		};
		206D32521D2A622F00055ED5 /* Debug */ = {
			isa = XCBuildConfiguration;
			buildSettings = {
				ASSETCATALOG_COMPILER_APPICON_NAME = AppIcon;
				ASSETCATALOG_COMPILER_LAUNCHIMAGE_NAME = "Brand Assets";
				CODE_SIGN_IDENTITY = "iPhone Developer";
				"CODE_SIGN_IDENTITY[sdk=iphoneos*]" = "iPhone Developer";
				INFOPLIST_FILE = GiveThemAHome/Info.plist;
				IPHONEOS_DEPLOYMENT_TARGET = 8.0;
				LD_RUNPATH_SEARCH_PATHS = "$(inherited) @executable_path/Frameworks";
				PRODUCT_BUNDLE_IDENTIFIER = Evan.GiveThemAHome;
				PRODUCT_NAME = "$(TARGET_NAME)";
				PROVISIONING_PROFILE = "";
			};
			name = Debug;
		};
		206D32531D2A622F00055ED5 /* Release */ = {
			isa = XCBuildConfiguration;
			buildSettings = {
				ASSETCATALOG_COMPILER_APPICON_NAME = AppIcon;
				ASSETCATALOG_COMPILER_LAUNCHIMAGE_NAME = "Brand Assets";
				CODE_SIGN_IDENTITY = "iPhone Developer";
				"CODE_SIGN_IDENTITY[sdk=iphoneos*]" = "iPhone Developer";
				INFOPLIST_FILE = GiveThemAHome/Info.plist;
				IPHONEOS_DEPLOYMENT_TARGET = 8.0;
				LD_RUNPATH_SEARCH_PATHS = "$(inherited) @executable_path/Frameworks";
				PRODUCT_BUNDLE_IDENTIFIER = Evan.GiveThemAHome;
				PRODUCT_NAME = "$(TARGET_NAME)";
				PROVISIONING_PROFILE = "";
			};
			name = Release;
		};
		206D32551D2A622F00055ED5 /* Debug */ = {
			isa = XCBuildConfiguration;
			buildSettings = {
				BUNDLE_LOADER = "$(TEST_HOST)";
				INFOPLIST_FILE = GiveThemAHomeTests/Info.plist;
				LD_RUNPATH_SEARCH_PATHS = "$(inherited) @executable_path/Frameworks @loader_path/Frameworks";
				PRODUCT_BUNDLE_IDENTIFIER = Evan.GiveThemAHomeTests;
				PRODUCT_NAME = "$(TARGET_NAME)";
				TEST_HOST = "$(BUILT_PRODUCTS_DIR)/GiveThemAHome.app/GiveThemAHome";
			};
			name = Debug;
		};
		206D32561D2A622F00055ED5 /* Release */ = {
			isa = XCBuildConfiguration;
			buildSettings = {
				BUNDLE_LOADER = "$(TEST_HOST)";
				INFOPLIST_FILE = GiveThemAHomeTests/Info.plist;
				LD_RUNPATH_SEARCH_PATHS = "$(inherited) @executable_path/Frameworks @loader_path/Frameworks";
				PRODUCT_BUNDLE_IDENTIFIER = Evan.GiveThemAHomeTests;
				PRODUCT_NAME = "$(TARGET_NAME)";
				TEST_HOST = "$(BUILT_PRODUCTS_DIR)/GiveThemAHome.app/GiveThemAHome";
			};
			name = Release;
		};
		206D32581D2A622F00055ED5 /* Debug */ = {
			isa = XCBuildConfiguration;
			buildSettings = {
				INFOPLIST_FILE = GiveThemAHomeUITests/Info.plist;
				LD_RUNPATH_SEARCH_PATHS = "$(inherited) @executable_path/Frameworks @loader_path/Frameworks";
				PRODUCT_BUNDLE_IDENTIFIER = Evan.GiveThemAHomeUITests;
				PRODUCT_NAME = "$(TARGET_NAME)";
				TEST_TARGET_NAME = GiveThemAHome;
			};
			name = Debug;
		};
		206D32591D2A622F00055ED5 /* Release */ = {
			isa = XCBuildConfiguration;
			buildSettings = {
				INFOPLIST_FILE = GiveThemAHomeUITests/Info.plist;
				LD_RUNPATH_SEARCH_PATHS = "$(inherited) @executable_path/Frameworks @loader_path/Frameworks";
				PRODUCT_BUNDLE_IDENTIFIER = Evan.GiveThemAHomeUITests;
				PRODUCT_NAME = "$(TARGET_NAME)";
				TEST_TARGET_NAME = GiveThemAHome;
			};
			name = Release;
		};
/* End XCBuildConfiguration section */

/* Begin XCConfigurationList section */
		206D321F1D2A622F00055ED5 /* Build configuration list for PBXProject "GiveThemAHome" */ = {
			isa = XCConfigurationList;
			buildConfigurations = (
				206D324F1D2A622F00055ED5 /* Debug */,
				206D32501D2A622F00055ED5 /* Release */,
			);
			defaultConfigurationIsVisible = 0;
			defaultConfigurationName = Release;
		};
		206D32511D2A622F00055ED5 /* Build configuration list for PBXNativeTarget "GiveThemAHome" */ = {
			isa = XCConfigurationList;
			buildConfigurations = (
				206D32521D2A622F00055ED5 /* Debug */,
				206D32531D2A622F00055ED5 /* Release */,
			);
			defaultConfigurationIsVisible = 0;
			defaultConfigurationName = Release;
		};
		206D32541D2A622F00055ED5 /* Build configuration list for PBXNativeTarget "GiveThemAHomeTests" */ = {
			isa = XCConfigurationList;
			buildConfigurations = (
				206D32551D2A622F00055ED5 /* Debug */,
				206D32561D2A622F00055ED5 /* Release */,
			);
			defaultConfigurationIsVisible = 0;
			defaultConfigurationName = Release;
		};
		206D32571D2A622F00055ED5 /* Build configuration list for PBXNativeTarget "GiveThemAHomeUITests" */ = {
			isa = XCConfigurationList;
			buildConfigurations = (
				206D32581D2A622F00055ED5 /* Debug */,
				206D32591D2A622F00055ED5 /* Release */,
			);
			defaultConfigurationIsVisible = 0;
			defaultConfigurationName = Release;
		};
/* End XCConfigurationList section */

/* Begin XCVersionGroup section */
		203A4A441D41C9EB000EE1BF /* AnimalModel.xcdatamodeld */ = {
			isa = XCVersionGroup;
			children = (
				203A4A451D41C9EB000EE1BF /* AnimalModel.xcdatamodel */,
			);
			currentVersion = 203A4A451D41C9EB000EE1BF /* AnimalModel.xcdatamodel */;
			path = AnimalModel.xcdatamodeld;
			sourceTree = "<group>";
			versionGroupType = wrapper.xcdatamodel;
		};
/* End XCVersionGroup section */
	};
	rootObject = 206D321C1D2A622F00055ED5 /* Project object */;
}
